
Microsoft Visual Studio Solution File, Format Version 12.00
# Visual Studio Version 16
VisualStudioVersion = 16.0.31515.178
MinimumVisualStudioVersion = 10.0.40219.1
Project("{FAE04EC0-301F-11D3-BF4B-00C04F79EFBC}") = "UnitTestingMSTestIntro", "UnitTestingMSTestIntro.csproj", "{BDE8D248-9294-4227-8957-3EC3E05204DB}"
EndProject
Global
	GlobalSection(SolutionConfigurationPlatforms) = preSolution
		Debug|Any CPU = Debug|Any CPU
		Release|Any CPU = Release|Any CPU
	EndGlobalSection
	GlobalSection(ProjectConfigurationPlatforms) = postSolution
		{BDE8D248-9294-4227-8957-3EC3E05204DB}.Debug|Any CPU.ActiveCfg = Debug|Any CPU
		{BDE8D248-9294-4227-8957-3EC3E05204DB}.Debug|Any CPU.Build.0 = Debug|Any CPU
		{BDE8D248-9294-4227-8957-3EC3E05204DB}.Release|Any CPU.ActiveCfg = Release|Any CPU
		{BDE8D248-9294-4227-8957-3EC3E05204DB}.Release|Any CPU.Build.0 = Release|Any CPU
	EndGlobalSection
	GlobalSection(SolutionProperties) = preSolution
		HideSolutionNode = FALSE
	EndGlobalSection
	GlobalSection(ExtensibilityGlobals) = postSolution
		SolutionGuid = {08F22EE3-E2DB-484D-9F9C-ACDDE82501E7}
	EndGlobalSection
EndGlobal
